{
  "name": "@vanillabp/bc-dev-shell-angular",
  "version": "0.1.1-SNAPSHOT",
  "lockfileVersion": 3,
  "requires": true,
  "packages": {
    "": {
      "name": "@vanillabp/bc-dev-shell-angular",
      "version": "0.1.1-SNAPSHOT",
      "dependencies": {
        "tslib": "^2.3.0"
      },
      "peerDependencies": {
        "@angular/common": "^17.2.0",
        "@angular/core": "^17.2.0",
        "@angular/router": "^17.2.0",
        "@vanillabp/bc-official-gui-client": ">=0.1.1-SNAPSHOT <0.1.2",
        "@vanillabp/bc-types": ">=0.1.1-SNAPSHOT <0.1.2"
      }
    },
    "node_modules/@angular/common": {
      "version": "17.3.12",
      "resolved": "https://registry.npmjs.org/@angular/common/-/common-17.3.12.tgz",
      "integrity": "sha512-vabJzvrx76XXFrm1RJZ6o/CyG32piTB/1sfFfKHdlH1QrmArb8It4gyk9oEjZ1IkAD0HvBWlfWmn+T6Vx3pdUw==",
      "license": "MIT",
      "peer": true,
      "dependencies": {
        "tslib": "^2.3.0"
      },
      "engines": {
        "node": "^18.13.0 || >=20.9.0"
      },
      "peerDependencies": {
        "@angular/core": "17.3.12",
        "rxjs": "^6.5.3 || ^7.4.0"
      }
    },
    "node_modules/@angular/core": {
      "version": "17.3.12",
      "resolved": "https://registry.npmjs.org/@angular/core/-/core-17.3.12.tgz",
      "integrity": "sha512-MuFt5yKi161JmauUta4Dh0m8ofwoq6Ino+KoOtkYMBGsSx+A7dSm+DUxxNwdj7+DNyg3LjVGCFgBFnq4g8z06A==",
      "license": "MIT",
      "peer": true,
      "dependencies": {
        "tslib": "^2.3.0"
      },
      "engines": {
        "node": "^18.13.0 || >=20.9.0"
      },
      "peerDependencies": {
        "rxjs": "^6.5.3 || ^7.4.0",
        "zone.js": "~0.14.0"
      }
    },
    "node_modules/@angular/platform-browser": {
      "version": "17.3.12",
      "resolved": "https://registry.npmjs.org/@angular/platform-browser/-/platform-browser-17.3.12.tgz",
      "integrity": "sha512-DYY04ptWh/ulMHzd+y52WCE8QnEYGeIiW3hEIFjCN8z0kbIdFdUtEB0IK5vjNL3ejyhUmphcpeT5PYf3YXtqWQ==",
      "license": "MIT",
      "peer": true,
      "dependencies": {
        "tslib": "^2.3.0"
      },
      "engines": {
        "node": "^18.13.0 || >=20.9.0"
      },
      "peerDependencies": {
        "@angular/animations": "17.3.12",
        "@angular/common": "17.3.12",
        "@angular/core": "17.3.12"
      },
      "peerDependenciesMeta": {
        "@angular/animations": {
          "optional": true
        }
      }
    },
    "node_modules/@angular/router": {
      "version": "17.3.12",
      "resolved": "https://registry.npmjs.org/@angular/router/-/router-17.3.12.tgz",
      "integrity": "sha512-dg7PHBSW9fmPKTVzwvHEeHZPZdpnUqW/U7kj8D29HTP9ur8zZnx9QcnbplwPeYb8yYa62JMnZSEel2X4PxdYBg==",
      "license": "MIT",
      "peer": true,
      "dependencies": {
        "tslib": "^2.3.0"
      },
      "engines": {
        "node": "^18.13.0 || >=20.9.0"
      },
      "peerDependencies": {
        "@angular/common": "17.3.12",
        "@angular/core": "17.3.12",
        "@angular/platform-browser": "17.3.12",
        "rxjs": "^6.5.3 || ^7.4.0"
      }
    },
    "node_modules/@vanillabp/bc-official-gui-client": {
      "version": "0.1.1-SNAPSHOT.11",
      "resolved": "https://npm.pkg.github.com/download/@vanillabp/bc-official-gui-client/0.1.1-SNAPSHOT.11/27e42cb98d87ebedaba5cbbb10c45748d6dbf78f",
      "integrity": "sha512-yEYIBjLB/MrttWXMLDT111KQBQykXnDlufei4UvBE1KgKgegetIeoyFxEbtKmYIQcGHPs+LlFIqYJl0Fpawpkg==",
      "peer": true
    },
    "node_modules/@vanillabp/bc-types": {
      "version": "0.1.1-SNAPSHOT.11",
      "resolved": "https://npm.pkg.github.com/download/@vanillabp/bc-types/0.1.1-SNAPSHOT.11/3788fd6d2d2fdc25403d879919657371424bb44d",
      "integrity": "sha512-2gaQ+oI2h+KDkY0qzP9Gq0jxx0p5XMw1uHw8K5iBFQRyn42JRWOZpEyp7BAvimkG+gfjKdtOtPXxktNw2ekScw==",
      "peer": true,
      "peerDependencies": {
        "@vanillabp/bc-official-gui-client": ">=0.1.1-SNAPSHOT <0.1.2"
      }
    },
    "node_modules/rxjs": {
      "version": "7.8.2",
      "resolved": "https://registry.npmjs.org/rxjs/-/rxjs-7.8.2.tgz",
      "integrity": "sha512-dhKf903U/PQZY6boNNtAGdWbG85WAbjT/1xYoZIC7FAY0yWapOBQVsVrDl58W86//e1VpMNBtRV4MaXfdMySFA==",
      "license": "Apache-2.0",
      "peer": true,
      "dependencies": {
        "tslib": "^2.1.0"
      }
    },
    "node_modules/tslib": {
      "version": "2.8.1",
      "resolved": "https://registry.npmjs.org/tslib/-/tslib-2.8.1.tgz",
      "integrity": "sha512-oJFu94HQb+KVduSUQL7wnpmqnfmLsOA/nAh6b6EH0wCEoK0/mPeXU6c3wKDV83MkOuHPRHtSXKKU99IBazS/2w==",
      "license": "0BSD"
    },
    "node_modules/zone.js": {
      "version": "0.14.10",
      "resolved": "https://registry.npmjs.org/zone.js/-/zone.js-0.14.10.tgz",
      "integrity": "sha512-YGAhaO7J5ywOXW6InXNlLmfU194F8lVgu7bRntUF3TiG8Y3nBK0x1UJJuHUP/e8IyihkjCYqhCScpSwnlaSRkQ==",
      "license": "MIT",
      "peer": true
    }
  }
}
