{
  "name": "@vanillabp/bc-dev-shell-angular",
  "version": "0.1.1-SNAPSHOT",
  "lockfileVersion": 3,
  "requires": true,
  "packages": {
    "": {
      "name": "@vanillabp/bc-dev-shell-angular",
      "version": "0.1.1-SNAPSHOT",
      "dependencies": {
        "tslib": "^2.3.0"
      },
      "peerDependencies": {
        "@angular/common": "18.2.14",
        "@angular/core": "18.2.14",
        "@angular/router": "18.2.14",
        "@vanillabp/bc-official-gui-client": ">=0.1.1-SNAPSHOT <0.1.2",
        "@vanillabp/bc-types": ">=0.1.1-SNAPSHOT <0.1.2",
        "primeng": "18.0.2"
      }
    },
    "node_modules/@angular/animations": {
      "version": "18.2.14",
      "resolved": "https://registry.npmjs.org/@angular/animations/-/animations-18.2.14.tgz",
      "integrity": "sha512-Kp/MWShoYYO+R3lrrZbZgszbbLGVXHB+39mdJZwnIuZMDkeL3JsIBlSOzyJRTnpS1vITc+9jgHvP/6uKbMrW1Q==",
      "license": "MIT",
      "peer": true,
      "dependencies": {
        "tslib": "^2.3.0"
      },
      "engines": {
        "node": "^18.19.1 || ^20.11.1 || >=22.0.0"
      },
      "peerDependencies": {
        "@angular/core": "18.2.14"
      }
    },
    "node_modules/@angular/cdk": {
      "version": "18.2.14",
      "resolved": "https://registry.npmjs.org/@angular/cdk/-/cdk-18.2.14.tgz",
      "integrity": "sha512-vDyOh1lwjfVk9OqoroZAP8pf3xxKUvyl+TVR8nJxL4c5fOfUFkD7l94HaanqKSRwJcI2xiztuu92IVoHn8T33Q==",
      "license": "MIT",
      "peer": true,
      "dependencies": {
        "tslib": "^2.3.0"
      },
      "optionalDependencies": {
        "parse5": "^7.1.2"
      },
      "peerDependencies": {
        "@angular/common": "^18.0.0 || ^19.0.0",
        "@angular/core": "^18.0.0 || ^19.0.0",
        "rxjs": "^6.5.3 || ^7.4.0"
      }
    },
    "node_modules/@angular/common": {
      "version": "18.2.14",
      "resolved": "https://registry.npmjs.org/@angular/common/-/common-18.2.14.tgz",
      "integrity": "sha512-ZPRswzaVRiqcfZoowuAM22Hr2/z10ajWOUoFDoQ9tWqz/fH/773kJv2F9VvePIekgNPCzaizqv9gF6tGNqaAwg==",
      "license": "MIT",
      "peer": true,
      "dependencies": {
        "tslib": "^2.3.0"
      },
      "engines": {
        "node": "^18.19.1 || ^20.11.1 || >=22.0.0"
      },
      "peerDependencies": {
        "@angular/core": "18.2.14",
        "rxjs": "^6.5.3 || ^7.4.0"
      }
    },
    "node_modules/@angular/core": {
      "version": "18.2.14",
      "resolved": "https://registry.npmjs.org/@angular/core/-/core-18.2.14.tgz",
      "integrity": "sha512-BIPrCs93ZZTY9ym7yfoTgAQ5rs706yoYeAdrgc8kh/bDbM9DawxKlgeKBx2FLt09Y0YQ1bFhKVp0cV4gDEaMxQ==",
      "license": "MIT",
      "peer": true,
      "dependencies": {
        "tslib": "^2.3.0"
      },
      "engines": {
        "node": "^18.19.1 || ^20.11.1 || >=22.0.0"
      },
      "peerDependencies": {
        "rxjs": "^6.5.3 || ^7.4.0",
        "zone.js": "~0.14.10"
      }
    },
    "node_modules/@angular/forms": {
      "version": "18.2.14",
      "resolved": "https://registry.npmjs.org/@angular/forms/-/forms-18.2.14.tgz",
      "integrity": "sha512-fZVwXctmBJa5VdopJae/T9MYKPXNd04+6j4k/6X819y+9fiyWLJt2QicSc5Rc+YD9mmhXag3xaljlrnotf9VGA==",
      "license": "MIT",
      "peer": true,
      "dependencies": {
        "tslib": "^2.3.0"
      },
      "engines": {
        "node": "^18.19.1 || ^20.11.1 || >=22.0.0"
      },
      "peerDependencies": {
        "@angular/common": "18.2.14",
        "@angular/core": "18.2.14",
        "@angular/platform-browser": "18.2.14",
        "rxjs": "^6.5.3 || ^7.4.0"
      }
    },
    "node_modules/@angular/platform-browser": {
      "version": "18.2.14",
      "resolved": "https://registry.npmjs.org/@angular/platform-browser/-/platform-browser-18.2.14.tgz",
      "integrity": "sha512-W+JTxI25su3RiZVZT3Yrw6KNUCmOIy7OZIZ+612skPgYK2f2qil7VclnW1oCwG896h50cMJU/lnAfxZxefQgyQ==",
      "license": "MIT",
      "peer": true,
      "dependencies": {
        "tslib": "^2.3.0"
      },
      "engines": {
        "node": "^18.19.1 || ^20.11.1 || >=22.0.0"
      },
      "peerDependencies": {
        "@angular/animations": "18.2.14",
        "@angular/common": "18.2.14",
        "@angular/core": "18.2.14"
      },
      "peerDependenciesMeta": {
        "@angular/animations": {
          "optional": true
        }
      }
    },
    "node_modules/@angular/router": {
      "version": "18.2.14",
      "resolved": "https://registry.npmjs.org/@angular/router/-/router-18.2.14.tgz",
      "integrity": "sha512-v/gweh8MBjjDfh1QssuyjISa+6SVVIvIZox7MaMs81RkaoVHwS9grDtPud1pTKHzms2KxSVpvwwyvkRJQplueg==",
      "license": "MIT",
      "peer": true,
      "dependencies": {
        "tslib": "^2.3.0"
      },
      "engines": {
        "node": "^18.19.1 || ^20.11.1 || >=22.0.0"
      },
      "peerDependencies": {
        "@angular/common": "18.2.14",
        "@angular/core": "18.2.14",
        "@angular/platform-browser": "18.2.14",
        "rxjs": "^6.5.3 || ^7.4.0"
      }
    },
    "node_modules/@primeuix/styled": {
      "version": "0.3.2",
      "resolved": "https://registry.npmjs.org/@primeuix/styled/-/styled-0.3.2.tgz",
      "integrity": "sha512-ColZes0+/WKqH4ob2x8DyNYf1NENpe5ZguOvx5yCLxaP8EIMVhLjWLO/3umJiDnQU4XXMLkn2mMHHw+fhTX/mw==",
      "license": "MIT",
      "peer": true,
      "dependencies": {
        "@primeuix/utils": "^0.3.2"
      },
      "engines": {
        "node": ">=12.11.0"
      }
    },
    "node_modules/@primeuix/utils": {
      "version": "0.3.2",
      "resolved": "https://registry.npmjs.org/@primeuix/utils/-/utils-0.3.2.tgz",
      "integrity": "sha512-B+nphqTQeq+i6JuICLdVWnDMjONome2sNz0xI65qIOyeB4EF12CoKRiCsxuZ5uKAkHi/0d1LqlQ9mIWRSdkavw==",
      "license": "MIT",
      "peer": true,
      "engines": {
        "node": ">=12.11.0"
      }
    },
    "node_modules/@vanillabp/bc-official-gui-client": {
      "version": "0.1.1-SNAPSHOT.11",
      "resolved": "https://npm.pkg.github.com/download/@vanillabp/bc-official-gui-client/0.1.1-SNAPSHOT.11/27e42cb98d87ebedaba5cbbb10c45748d6dbf78f",
      "integrity": "sha512-yEYIBjLB/MrttWXMLDT111KQBQykXnDlufei4UvBE1KgKgegetIeoyFxEbtKmYIQcGHPs+LlFIqYJl0Fpawpkg==",
      "peer": true
    },
    "node_modules/@vanillabp/bc-types": {
      "version": "0.1.1-SNAPSHOT.11",
      "resolved": "https://npm.pkg.github.com/download/@vanillabp/bc-types/0.1.1-SNAPSHOT.11/3788fd6d2d2fdc25403d879919657371424bb44d",
      "integrity": "sha512-2gaQ+oI2h+KDkY0qzP9Gq0jxx0p5XMw1uHw8K5iBFQRyn42JRWOZpEyp7BAvimkG+gfjKdtOtPXxktNw2ekScw==",
      "peer": true,
      "peerDependencies": {
        "@vanillabp/bc-official-gui-client": ">=0.1.1-SNAPSHOT <0.1.2"
      }
    },
    "node_modules/entities": {
      "version": "6.0.1",
      "resolved": "https://registry.npmjs.org/entities/-/entities-6.0.1.tgz",
      "integrity": "sha512-aN97NXWF6AWBTahfVOIrB/NShkzi5H7F9r1s9mD3cDj4Ko5f2qhhVoYMibXF7GlLveb/D2ioWay8lxI97Ven3g==",
      "license": "BSD-2-Clause",
      "optional": true,
      "peer": true,
      "engines": {
        "node": ">=0.12"
      },
      "funding": {
        "url": "https://github.com/fb55/entities?sponsor=1"
      }
    },
    "node_modules/parse5": {
      "version": "7.3.0",
      "resolved": "https://registry.npmjs.org/parse5/-/parse5-7.3.0.tgz",
      "integrity": "sha512-IInvU7fabl34qmi9gY8XOVxhYyMyuH2xUNpb2q8/Y+7552KlejkRvqvD19nMoUW/uQGGbqNpA6Tufu5FL5BZgw==",
      "license": "MIT",
      "optional": true,
      "peer": true,
      "dependencies": {
        "entities": "^6.0.0"
      },
      "funding": {
        "url": "https://github.com/inikulin/parse5?sponsor=1"
      }
    },
    "node_modules/primeng": {
      "version": "18.0.2",
      "resolved": "https://registry.npmjs.org/primeng/-/primeng-18.0.2.tgz",
      "integrity": "sha512-Tt4KmbstxRmrUdxvVjV1j/1L3SnN8QdkPdC5hRHWQjOCheX71BA0aQ7aTJ4CXZZuw6wiDKlb7Jrm0aqTixE7+A==",
      "license": "SEE LICENSE IN LICENSE.md",
      "peer": true,
      "dependencies": {
        "@primeuix/styled": "^0.3.2",
        "@primeuix/utils": "^0.3.2",
        "tslib": "^2.3.0"
      },
      "peerDependencies": {
        "@angular/animations": "^17.0.0 || ^18.0.0",
        "@angular/cdk": "^17.0.0 || ^18.0.0",
        "@angular/common": "^17.0.0 || ^18.0.0",
        "@angular/core": "^17.0.0 || ^18.0.0",
        "@angular/forms": "^17.0.0 || ^18.0.0",
        "@angular/platform-browser": "^17.0.0 || ^18.0.0",
        "@angular/router": "^17.0.0 || ^18.0.0",
        "rxjs": "^6.0.0 || ^7.8.1"
      }
    },
    "node_modules/rxjs": {
      "version": "7.8.2",
      "resolved": "https://registry.npmjs.org/rxjs/-/rxjs-7.8.2.tgz",
      "integrity": "sha512-dhKf903U/PQZY6boNNtAGdWbG85WAbjT/1xYoZIC7FAY0yWapOBQVsVrDl58W86//e1VpMNBtRV4MaXfdMySFA==",
      "license": "Apache-2.0",
      "peer": true,
      "dependencies": {
        "tslib": "^2.1.0"
      }
    },
    "node_modules/tslib": {
      "version": "2.8.1",
      "resolved": "https://registry.npmjs.org/tslib/-/tslib-2.8.1.tgz",
      "integrity": "sha512-oJFu94HQb+KVduSUQL7wnpmqnfmLsOA/nAh6b6EH0wCEoK0/mPeXU6c3wKDV83MkOuHPRHtSXKKU99IBazS/2w==",
      "license": "0BSD"
    },
    "node_modules/zone.js": {
      "version": "0.14.10",
      "resolved": "https://registry.npmjs.org/zone.js/-/zone.js-0.14.10.tgz",
      "integrity": "sha512-YGAhaO7J5ywOXW6InXNlLmfU194F8lVgu7bRntUF3TiG8Y3nBK0x1UJJuHUP/e8IyihkjCYqhCScpSwnlaSRkQ==",
      "license": "MIT",
      "peer": true
    }
  }
}
