{
  "name": "@vanillabp/bc-dev-shell-angular",
  "version": "0.1.1-SNAPSHOT",
  "lockfileVersion": 3,
  "requires": true,
  "packages": {
    "": {
      "name": "@vanillabp/bc-dev-shell-angular",
      "version": "0.1.1-SNAPSHOT",
      "dependencies": {
        "tslib": "^2.3.0"
      },
      "peerDependencies": {
        "@angular/common": "20.3.16",
        "@angular/core": "20.3.16",
        "@angular/router": "20.3.16",
        "@vanillabp/bc-official-gui-client": "0.1.1-SNAPSHOT.14",
        "@vanillabp/bc-types": "0.1.1-SNAPSHOT.14",
        "primeng": "20.4.0"
      }
    },
    "node_modules/@angular/animations": {
      "version": "20.3.16",
      "resolved": "https://registry.npmjs.org/@angular/animations/-/animations-20.3.16.tgz",
      "integrity": "sha512-N83/GFY5lKNyWgPV3xHHy2rb3/eP1ZLzSVI+dmMVbf3jbqwY1YPQcMiAG8UDzaILY1Dkus91kWLF8Qdr3nHAzg==",
      "license": "MIT",
      "peer": true,
      "dependencies": {
        "tslib": "^2.3.0"
      },
      "engines": {
        "node": "^20.19.0 || ^22.12.0 || >=24.0.0"
      },
      "peerDependencies": {
        "@angular/core": "20.3.16"
      }
    },
    "node_modules/@angular/cdk": {
      "version": "20.2.14",
      "resolved": "https://registry.npmjs.org/@angular/cdk/-/cdk-20.2.14.tgz",
      "integrity": "sha512-7bZxc01URbiPiIBWThQ69XwOxVduqEKN4PhpbF2AAyfMc/W8Hcr4VoIJOwL0O1Nkq5beS8pCAqoOeIgFyXd/kg==",
      "license": "MIT",
      "peer": true,
      "dependencies": {
        "parse5": "^8.0.0",
        "tslib": "^2.3.0"
      },
      "peerDependencies": {
        "@angular/common": "^20.0.0 || ^21.0.0",
        "@angular/core": "^20.0.0 || ^21.0.0",
        "rxjs": "^6.5.3 || ^7.4.0"
      }
    },
    "node_modules/@angular/common": {
      "version": "20.3.16",
      "resolved": "https://registry.npmjs.org/@angular/common/-/common-20.3.16.tgz",
      "integrity": "sha512-GRAziNlntwdnJy3F+8zCOvDdy7id0gITjDnM6P9+n2lXvtDuBLGJKU3DWBbvxcCjtD6JK/g/rEX5fbCxbUHkQQ==",
      "license": "MIT",
      "peer": true,
      "dependencies": {
        "tslib": "^2.3.0"
      },
      "engines": {
        "node": "^20.19.0 || ^22.12.0 || >=24.0.0"
      },
      "peerDependencies": {
        "@angular/core": "20.3.16",
        "rxjs": "^6.5.3 || ^7.4.0"
      }
    },
    "node_modules/@angular/core": {
      "version": "20.3.16",
      "resolved": "https://registry.npmjs.org/@angular/core/-/core-20.3.16.tgz",
      "integrity": "sha512-KSFPKvOmWWLCJBbEO+CuRUXfecX2FRuO0jNi9c54ptXMOPHlK1lIojUnyXmMNzjdHgRug8ci9qDuftvC2B7MKg==",
      "license": "MIT",
      "peer": true,
      "dependencies": {
        "tslib": "^2.3.0"
      },
      "engines": {
        "node": "^20.19.0 || ^22.12.0 || >=24.0.0"
      },
      "peerDependencies": {
        "@angular/compiler": "20.3.16",
        "rxjs": "^6.5.3 || ^7.4.0",
        "zone.js": "~0.15.0"
      },
      "peerDependenciesMeta": {
        "@angular/compiler": {
          "optional": true
        },
        "zone.js": {
          "optional": true
        }
      }
    },
    "node_modules/@angular/forms": {
      "version": "20.3.16",
      "resolved": "https://registry.npmjs.org/@angular/forms/-/forms-20.3.16.tgz",
      "integrity": "sha512-1yzbXpExTqATpVcqA3wGrq4ACFIP3mRxA4pbso5KoJU+/4JfzNFwLsDaFXKpm5uxwchVnj8KM2vPaDOkvtp7NA==",
      "license": "MIT",
      "peer": true,
      "dependencies": {
        "tslib": "^2.3.0"
      },
      "engines": {
        "node": "^20.19.0 || ^22.12.0 || >=24.0.0"
      },
      "peerDependencies": {
        "@angular/common": "20.3.16",
        "@angular/core": "20.3.16",
        "@angular/platform-browser": "20.3.16",
        "rxjs": "^6.5.3 || ^7.4.0"
      }
    },
    "node_modules/@angular/platform-browser": {
      "version": "20.3.16",
      "resolved": "https://registry.npmjs.org/@angular/platform-browser/-/platform-browser-20.3.16.tgz",
      "integrity": "sha512-YsrLS6vyS77i4pVHg4gdSBW74qvzHjpQRTVQ5Lv/OxIjJdYYYkMmjNalCNgy1ZuyY6CaLIB11ccxhrNnxfKGOQ==",
      "license": "MIT",
      "peer": true,
      "dependencies": {
        "tslib": "^2.3.0"
      },
      "engines": {
        "node": "^20.19.0 || ^22.12.0 || >=24.0.0"
      },
      "peerDependencies": {
        "@angular/animations": "20.3.16",
        "@angular/common": "20.3.16",
        "@angular/core": "20.3.16"
      },
      "peerDependenciesMeta": {
        "@angular/animations": {
          "optional": true
        }
      }
    },
    "node_modules/@angular/router": {
      "version": "20.3.16",
      "resolved": "https://registry.npmjs.org/@angular/router/-/router-20.3.16.tgz",
      "integrity": "sha512-e1LiQFZaajKqc00cY5FboIrWJZSMnZ64GDp5R0UejritYrqorQQQNOqP1W85BMuY2owibMmxVfX+dJg/Mc8PuQ==",
      "license": "MIT",
      "peer": true,
      "dependencies": {
        "tslib": "^2.3.0"
      },
      "engines": {
        "node": "^20.19.0 || ^22.12.0 || >=24.0.0"
      },
      "peerDependencies": {
        "@angular/common": "20.3.16",
        "@angular/core": "20.3.16",
        "@angular/platform-browser": "20.3.16",
        "rxjs": "^6.5.3 || ^7.4.0"
      }
    },
    "node_modules/@primeuix/styled": {
      "version": "0.7.4",
      "resolved": "https://registry.npmjs.org/@primeuix/styled/-/styled-0.7.4.tgz",
      "integrity": "sha512-QSO/NpOQg8e9BONWRBx9y8VGMCMYz0J/uKfNJEya/RGEu7ARx0oYW0ugI1N3/KB1AAvyGxzKBzGImbwg0KUiOQ==",
      "license": "MIT",
      "peer": true,
      "dependencies": {
        "@primeuix/utils": "^0.6.1"
      },
      "engines": {
        "node": ">=12.11.0"
      }
    },
    "node_modules/@primeuix/styles": {
      "version": "1.2.5",
      "resolved": "https://registry.npmjs.org/@primeuix/styles/-/styles-1.2.5.tgz",
      "integrity": "sha512-nypFRct/oaaBZqP4jinT0puW8ZIfs4u+l/vqUFmJEPU332fl5ePj6DoOpQgTLzo3OfmvSmz5a5/5b4OJJmmi7Q==",
      "license": "MIT",
      "peer": true,
      "dependencies": {
        "@primeuix/styled": "^0.7.3"
      }
    },
    "node_modules/@primeuix/utils": {
      "version": "0.6.4",
      "resolved": "https://registry.npmjs.org/@primeuix/utils/-/utils-0.6.4.tgz",
      "integrity": "sha512-pZ5f+vj7wSzRhC7KoEQRU5fvYAe+RP9+m39CTscZ3UywCD1Y2o6Fe1rRgklMPSkzUcty2jzkA0zMYkiJBD1hgg==",
      "license": "MIT",
      "peer": true,
      "engines": {
        "node": ">=12.11.0"
      }
    },
    "node_modules/@vanillabp/bc-official-gui-client": {
      "version": "0.1.1-SNAPSHOT.14",
      "resolved": "https://npm.pkg.github.com/download/@vanillabp/bc-official-gui-client/0.1.1-SNAPSHOT.14/d56fe63447766061d10536c796fcdd214dc0a9b4",
      "integrity": "sha512-CjNXDzB4Yt/2tMD9tVa55gXRkj0xeWHoRZRSeM+faZT+S39N3WMbH/ywAK2TSfbmHm3wdr+1lt+H+OBx9u5BlQ==",
      "peer": true
    },
    "node_modules/@vanillabp/bc-types": {
      "version": "0.1.1-SNAPSHOT.14",
      "resolved": "https://npm.pkg.github.com/download/@vanillabp/bc-types/0.1.1-SNAPSHOT.14/341288749a1b5b1c96d9bd4f921ddfc1b51a852a",
      "integrity": "sha512-FIMO8NZLZSDwaMniT5hiGbaxTGQiNdyp0D2z64oL6PuD281a71u5Hp/maeyfBpQpOa/O2cJIb3Vt4nEYTOecHQ==",
      "peer": true,
      "peerDependencies": {
        "@vanillabp/bc-official-gui-client": ">=0.1.1-SNAPSHOT <0.1.2"
      }
    },
    "node_modules/entities": {
      "version": "6.0.1",
      "resolved": "https://registry.npmjs.org/entities/-/entities-6.0.1.tgz",
      "integrity": "sha512-aN97NXWF6AWBTahfVOIrB/NShkzi5H7F9r1s9mD3cDj4Ko5f2qhhVoYMibXF7GlLveb/D2ioWay8lxI97Ven3g==",
      "license": "BSD-2-Clause",
      "peer": true,
      "engines": {
        "node": ">=0.12"
      },
      "funding": {
        "url": "https://github.com/fb55/entities?sponsor=1"
      }
    },
    "node_modules/parse5": {
      "version": "8.0.0",
      "resolved": "https://registry.npmjs.org/parse5/-/parse5-8.0.0.tgz",
      "integrity": "sha512-9m4m5GSgXjL4AjumKzq1Fgfp3Z8rsvjRNbnkVwfu2ImRqE5D0LnY2QfDen18FSY9C573YU5XxSapdHZTZ2WolA==",
      "license": "MIT",
      "peer": true,
      "dependencies": {
        "entities": "^6.0.0"
      },
      "funding": {
        "url": "https://github.com/inikulin/parse5?sponsor=1"
      }
    },
    "node_modules/primeng": {
      "version": "20.4.0",
      "resolved": "https://registry.npmjs.org/primeng/-/primeng-20.4.0.tgz",
      "integrity": "sha512-vXUD1G4/uet4rDkPW8xx7yZWj7RmsmexEJ3+GhpQgsNaLtPFsTCVfQq8v4FQ4tIs7shoD0hz76d3jtjGWZ49QQ==",
      "license": "SEE LICENSE IN LICENSE.md",
      "peer": true,
      "dependencies": {
        "@primeuix/styled": "^0.7.4",
        "@primeuix/styles": "^1.2.5",
        "@primeuix/utils": "^0.6.2",
        "tslib": "^2.3.0"
      },
      "peerDependencies": {
        "@angular/animations": "^20.0.4",
        "@angular/cdk": "^20.0.3",
        "@angular/common": "^20.0.4",
        "@angular/core": "^20.0.4",
        "@angular/forms": "^20.0.4",
        "@angular/platform-browser": "^20.0.4",
        "@angular/router": "^20.0.4",
        "rxjs": "^6.0.0 || ^7.8.1"
      }
    },
    "node_modules/rxjs": {
      "version": "7.8.2",
      "resolved": "https://registry.npmjs.org/rxjs/-/rxjs-7.8.2.tgz",
      "integrity": "sha512-dhKf903U/PQZY6boNNtAGdWbG85WAbjT/1xYoZIC7FAY0yWapOBQVsVrDl58W86//e1VpMNBtRV4MaXfdMySFA==",
      "license": "Apache-2.0",
      "peer": true,
      "dependencies": {
        "tslib": "^2.1.0"
      }
    },
    "node_modules/tslib": {
      "version": "2.8.1",
      "resolved": "https://registry.npmjs.org/tslib/-/tslib-2.8.1.tgz",
      "integrity": "sha512-oJFu94HQb+KVduSUQL7wnpmqnfmLsOA/nAh6b6EH0wCEoK0/mPeXU6c3wKDV83MkOuHPRHtSXKKU99IBazS/2w==",
      "license": "0BSD"
    }
  }
}
